// !$*UTF8*$!
{
	archiveVersion = 1;
	classes = {
	};
	objectVersion = 46;
	objects = {

/* Begin PBXBuildFile section */
		128FC8291A9A764A0022086A /* AppDelegate.swift in Sources */ = {isa = PBXBuildFile; fileRef = 128FC8281A9A764A0022086A /* AppDelegate.swift */; };
		128FC82B1A9A764A0022086A /* RootViewController.swift in Sources */ = {isa = PBXBuildFile; fileRef = 128FC82A1A9A764A0022086A /* RootViewController.swift */; };
		128FC8321A9A764A0022086A /* Main.storyboard in Resources */ = {isa = PBXBuildFile; fileRef = 128FC8301A9A764A0022086A /* Main.storyboard */; };
		128FC8341A9A764A0022086A /* Images.xcassets in Resources */ = {isa = PBXBuildFile; fileRef = 128FC8331A9A764A0022086A /* Images.xcassets */; };
		128FC8371A9A764A0022086A /* LaunchScreen.xib in Resources */ = {isa = PBXBuildFile; fileRef = 128FC8351A9A764A0022086A /* LaunchScreen.xib */; };
		128FC8431A9A764A0022086A /* SDD_Bill_ItTests.swift in Sources */ = {isa = PBXBuildFile; fileRef = 128FC8421A9A764A0022086A /* SDD_Bill_ItTests.swift */; };
		30C78F2C1AB0CC4A00E06AA1 /* TesseractOCR.framework in Frameworks */ = {isa = PBXBuildFile; fileRef = 30C78F2B1AB0CC4A00E06AA1 /* TesseractOCR.framework */; };
		30C78F2E1AB0CC6C00E06AA1 /* tessdata in Resources */ = {isa = PBXBuildFile; fileRef = 30C78F2D1AB0CC6C00E06AA1 /* tessdata */; };
		30C78F301AB0CD0B00E06AA1 /* libstdc++.dylib in Frameworks */ = {isa = PBXBuildFile; fileRef = 30C78F2F1AB0CD0B00E06AA1 /* libstdc++.dylib */; };
		30C78F321AB0CD1800E06AA1 /* CoreImage.framework in Frameworks */ = {isa = PBXBuildFile; fileRef = 30C78F311AB0CD1800E06AA1 /* CoreImage.framework */; };
/* End PBXBuildFile section */

/* Begin PBXContainerItemProxy section */
		128FC83D1A9A764A0022086A /* PBXContainerItemProxy */ = {
			isa = PBXContainerItemProxy;
			containerPortal = 128FC81B1A9A764A0022086A /* Project object */;
			proxyType = 1;
			remoteGlobalIDString = 128FC8221A9A764A0022086A;
			remoteInfo = SDD_Bill_It;
		};
/* End PBXContainerItemProxy section */

/* Begin PBXCopyFilesBuildPhase section */
		1230B12A1AB22119007E7673 /* CopyFiles */ = {
			isa = PBXCopyFilesBuildPhase;
			buildActionMask = 2147483647;
			dstPath = "";
			dstSubfolderSpec = 10;
			files = (
			);
			runOnlyForDeploymentPostprocessing = 0;
		};
		307A40DA1AB1F7560052D9C8 /* CopyFiles */ = {
			isa = PBXCopyFilesBuildPhase;
			buildActionMask = 2147483647;
			dstPath = "";
			dstSubfolderSpec = 10;
			files = (
			);
			runOnlyForDeploymentPostprocessing = 0;
		};
/* End PBXCopyFilesBuildPhase section */

/* Begin PBXFileReference section */
		1230B11D1AB220F1007E7673 /* framework */ = {isa = PBXFileReference; lastKnownFileType = folder; name = framework; path = "SDD_Bill_It/GPUImage-master/framework"; sourceTree = SOURCE_ROOT; };
		128FC8231A9A764A0022086A /* SDD_Bill_It.app */ = {isa = PBXFileReference; explicitFileType = wrapper.application; includeInIndex = 0; path = SDD_Bill_It.app; sourceTree = BUILT_PRODUCTS_DIR; };
		128FC8271A9A764A0022086A /* Info.plist */ = {isa = PBXFileReference; lastKnownFileType = text.plist.xml; path = Info.plist; sourceTree = "<group>"; };
		128FC8281A9A764A0022086A /* AppDelegate.swift */ = {isa = PBXFileReference; lastKnownFileType = sourcecode.swift; path = AppDelegate.swift; sourceTree = "<group>"; };
		128FC82A1A9A764A0022086A /* RootViewController.swift */ = {isa = PBXFileReference; lastKnownFileType = sourcecode.swift; path = RootViewController.swift; sourceTree = "<group>"; };
		128FC8311A9A764A0022086A /* Base */ = {isa = PBXFileReference; lastKnownFileType = file.storyboard; name = Base; path = Base.lproj/Main.storyboard; sourceTree = "<group>"; };
		128FC8331A9A764A0022086A /* Images.xcassets */ = {isa = PBXFileReference; lastKnownFileType = folder.assetcatalog; path = Images.xcassets; sourceTree = "<group>"; };
		128FC8361A9A764A0022086A /* Base */ = {isa = PBXFileReference; lastKnownFileType = file.xib; name = Base; path = Base.lproj/LaunchScreen.xib; sourceTree = "<group>"; };
		128FC83C1A9A764A0022086A /* SDD_Bill_ItTests.xctest */ = {isa = PBXFileReference; explicitFileType = wrapper.cfbundle; includeInIndex = 0; path = SDD_Bill_ItTests.xctest; sourceTree = BUILT_PRODUCTS_DIR; };
		128FC8411A9A764A0022086A /* Info.plist */ = {isa = PBXFileReference; lastKnownFileType = text.plist.xml; path = Info.plist; sourceTree = "<group>"; };
		128FC8421A9A764A0022086A /* SDD_Bill_ItTests.swift */ = {isa = PBXFileReference; lastKnownFileType = sourcecode.swift; path = SDD_Bill_ItTests.swift; sourceTree = "<group>"; };
		30C78F2B1AB0CC4A00E06AA1 /* TesseractOCR.framework */ = {isa = PBXFileReference; lastKnownFileType = wrapper.framework; path = TesseractOCR.framework; sourceTree = "<group>"; };
		30C78F2D1AB0CC6C00E06AA1 /* tessdata */ = {isa = PBXFileReference; lastKnownFileType = folder; path = tessdata; sourceTree = "<group>"; };
		30C78F2F1AB0CD0B00E06AA1 /* libstdc++.dylib */ = {isa = PBXFileReference; lastKnownFileType = "compiled.mach-o.dylib"; name = "libstdc++.dylib"; path = "usr/lib/libstdc++.dylib"; sourceTree = SDKROOT; };
		30C78F311AB0CD1800E06AA1 /* CoreImage.framework */ = {isa = PBXFileReference; lastKnownFileType = wrapper.framework; name = CoreImage.framework; path = System/Library/Frameworks/CoreImage.framework; sourceTree = SDKROOT; };
		30C78F331AB0CDDE00E06AA1 /* SDD_Bill_It-Bridging-Header.h */ = {isa = PBXFileReference; lastKnownFileType = sourcecode.c.h; path = "SDD_Bill_It-Bridging-Header.h"; sourceTree = "<group>"; };
/* End PBXFileReference section */

/* Begin PBXFrameworksBuildPhase section */
		128FC8201A9A764A0022086A /* Frameworks */ = {
			isa = PBXFrameworksBuildPhase;
			buildActionMask = 2147483647;
			files = (
				30C78F321AB0CD1800E06AA1 /* CoreImage.framework in Frameworks */,
				30C78F301AB0CD0B00E06AA1 /* libstdc++.dylib in Frameworks */,
				30C78F2C1AB0CC4A00E06AA1 /* TesseractOCR.framework in Frameworks */,
			);
			runOnlyForDeploymentPostprocessing = 0;
		};
		128FC8391A9A764A0022086A /* Frameworks */ = {
			isa = PBXFrameworksBuildPhase;
			buildActionMask = 2147483647;
			files = (
			);
			runOnlyForDeploymentPostprocessing = 0;
		};
/* End PBXFrameworksBuildPhase section */

/* Begin PBXGroup section */
		128FC81A1A9A764A0022086A = {
			isa = PBXGroup;
			children = (
				1230B11D1AB220F1007E7673 /* framework */,
				30C78F311AB0CD1800E06AA1 /* CoreImage.framework */,
				30C78F2F1AB0CD0B00E06AA1 /* libstdc++.dylib */,
				128FC8251A9A764A0022086A /* SDD_Bill_It */,
				128FC83F1A9A764A0022086A /* SDD_Bill_ItTests */,
				128FC8241A9A764A0022086A /* Products */,
				30C78F331AB0CDDE00E06AA1 /* SDD_Bill_It-Bridging-Header.h */,
			);
			sourceTree = "<group>";
		};
		128FC8241A9A764A0022086A /* Products */ = {
			isa = PBXGroup;
			children = (
				128FC8231A9A764A0022086A /* SDD_Bill_It.app */,
				128FC83C1A9A764A0022086A /* SDD_Bill_ItTests.xctest */,
			);
			name = Products;
			sourceTree = "<group>";
		};
		128FC8251A9A764A0022086A /* SDD_Bill_It */ = {
			isa = PBXGroup;
			children = (
				30C78F2B1AB0CC4A00E06AA1 /* TesseractOCR.framework */,
				128FC8281A9A764A0022086A /* AppDelegate.swift */,
				128FC82A1A9A764A0022086A /* RootViewController.swift */,
				128FC8301A9A764A0022086A /* Main.storyboard */,
				128FC8331A9A764A0022086A /* Images.xcassets */,
				128FC8351A9A764A0022086A /* LaunchScreen.xib */,
				128FC8261A9A764A0022086A /* Supporting Files */,
			);
			path = SDD_Bill_It;
			sourceTree = "<group>";
		};
		128FC8261A9A764A0022086A /* Supporting Files */ = {
			isa = PBXGroup;
			children = (
				30C78F2D1AB0CC6C00E06AA1 /* tessdata */,
				128FC8271A9A764A0022086A /* Info.plist */,
			);
			name = "Supporting Files";
			sourceTree = "<group>";
		};
		128FC83F1A9A764A0022086A /* SDD_Bill_ItTests */ = {
			isa = PBXGroup;
			children = (
				128FC8421A9A764A0022086A /* SDD_Bill_ItTests.swift */,
				128FC8401A9A764A0022086A /* Supporting Files */,
			);
			path = SDD_Bill_ItTests;
			sourceTree = "<group>";
		};
		128FC8401A9A764A0022086A /* Supporting Files */ = {
			isa = PBXGroup;
			children = (
				128FC8411A9A764A0022086A /* Info.plist */,
			);
			name = "Supporting Files";
			sourceTree = "<group>";
		};
/* End PBXGroup section */

/* Begin PBXNativeTarget section */
		128FC8221A9A764A0022086A /* SDD_Bill_It */ = {
			isa = PBXNativeTarget;
			buildConfigurationList = 128FC8461A9A764A0022086A /* Build configuration list for PBXNativeTarget "SDD_Bill_It" */;
			buildPhases = (
				128FC81F1A9A764A0022086A /* Sources */,
				128FC8201A9A764A0022086A /* Frameworks */,
				128FC8211A9A764A0022086A /* Resources */,
				307A40DA1AB1F7560052D9C8 /* CopyFiles */,
				1230B12A1AB22119007E7673 /* CopyFiles */,
			);
			buildRules = (
			);
			dependencies = (
			);
			name = SDD_Bill_It;
			productName = SDD_Bill_It;
			productReference = 128FC8231A9A764A0022086A /* SDD_Bill_It.app */;
			productType = "com.apple.product-type.application";
		};
		128FC83B1A9A764A0022086A /* SDD_Bill_ItTests */ = {
			isa = PBXNativeTarget;
			buildConfigurationList = 128FC8491A9A764A0022086A /* Build configuration list for PBXNativeTarget "SDD_Bill_ItTests" */;
			buildPhases = (
				128FC8381A9A764A0022086A /* Sources */,
				128FC8391A9A764A0022086A /* Frameworks */,
				128FC83A1A9A764A0022086A /* Resources */,
			);
			buildRules = (
			);
			dependencies = (
				128FC83E1A9A764A0022086A /* PBXTargetDependency */,
			);
			name = SDD_Bill_ItTests;
			productName = SDD_Bill_ItTests;
			productReference = 128FC83C1A9A764A0022086A /* SDD_Bill_ItTests.xctest */;
			productType = "com.apple.product-type.bundle.unit-test";
		};
/* End PBXNativeTarget section */

/* Begin PBXProject section */
		128FC81B1A9A764A0022086A /* Project object */ = {
			isa = PBXProject;
			attributes = {
				LastUpgradeCheck = 0610;
				ORGANIZATIONNAME = PandaTech;
				TargetAttributes = {
					128FC8221A9A764A0022086A = {
						CreatedOnToolsVersion = 6.1.1;
					};
					128FC83B1A9A764A0022086A = {
						CreatedOnToolsVersion = 6.1.1;
						TestTargetID = 128FC8221A9A764A0022086A;
					};
				};
			};
			buildConfigurationList = 128FC81E1A9A764A0022086A /* Build configuration list for PBXProject "SDD_Bill_It" */;
			compatibilityVersion = "Xcode 3.2";
			developmentRegion = English;
			hasScannedForEncodings = 0;
			knownRegions = (
				en,
				Base,
			);
			mainGroup = 128FC81A1A9A764A0022086A;
			productRefGroup = 128FC8241A9A764A0022086A /* Products */;
			projectDirPath = "";
			projectRoot = "";
			targets = (
				128FC8221A9A764A0022086A /* SDD_Bill_It */,
				128FC83B1A9A764A0022086A /* SDD_Bill_ItTests */,
			);
		};
/* End PBXProject section */

/* Begin PBXResourcesBuildPhase section */
		128FC8211A9A764A0022086A /* Resources */ = {
			isa = PBXResourcesBuildPhase;
			buildActionMask = 2147483647;
			files = (
				128FC8321A9A764A0022086A /* Main.storyboard in Resources */,
				30C78F2E1AB0CC6C00E06AA1 /* tessdata in Resources */,
				128FC8371A9A764A0022086A /* LaunchScreen.xib in Resources */,
				128FC8341A9A764A0022086A /* Images.xcassets in Resources */,
			);
			runOnlyForDeploymentPostprocessing = 0;
		};
		128FC83A1A9A764A0022086A /* Resources */ = {
			isa = PBXResourcesBuildPhase;
			buildActionMask = 2147483647;
			files = (
			);
			runOnlyForDeploymentPostprocessing = 0;
		};
/* End PBXResourcesBuildPhase section */

/* Begin PBXSourcesBuildPhase section */
		128FC81F1A9A764A0022086A /* Sources */ = {
			isa = PBXSourcesBuildPhase;
			buildActionMask = 2147483647;
			files = (
				128FC82B1A9A764A0022086A /* RootViewController.swift in Sources */,
				128FC8291A9A764A0022086A /* AppDelegate.swift in Sources */,
			);
			runOnlyForDeploymentPostprocessing = 0;
		};
		128FC8381A9A764A0022086A /* Sources */ = {
			isa = PBXSourcesBuildPhase;
			buildActionMask = 2147483647;
			files = (
				128FC8431A9A764A0022086A /* SDD_Bill_ItTests.swift in Sources */,
			);
			runOnlyForDeploymentPostprocessing = 0;
		};
/* End PBXSourcesBuildPhase section */

/* Begin PBXTargetDependency section */
		128FC83E1A9A764A0022086A /* PBXTargetDependency */ = {
			isa = PBXTargetDependency;
			target = 128FC8221A9A764A0022086A /* SDD_Bill_It */;
			targetProxy = 128FC83D1A9A764A0022086A /* PBXContainerItemProxy */;
		};
/* End PBXTargetDependency section */

/* Begin PBXVariantGroup section */
		128FC8301A9A764A0022086A /* Main.storyboard */ = {
			isa = PBXVariantGroup;
			children = (
				128FC8311A9A764A0022086A /* Base */,
			);
			name = Main.storyboard;
			sourceTree = "<group>";
		};
		128FC8351A9A764A0022086A /* LaunchScreen.xib */ = {
			isa = PBXVariantGroup;
			children = (
				128FC8361A9A764A0022086A /* Base */,
			);
			name = LaunchScreen.xib;
			sourceTree = "<group>";
		};
/* End PBXVariantGroup section */

/* Begin XCBuildConfiguration section */
		128FC8441A9A764A0022086A /* Debug */ = {
			isa = XCBuildConfiguration;
			buildSettings = {
				ALWAYS_SEARCH_USER_PATHS = NO;
				CLANG_CXX_LANGUAGE_STANDARD = "gnu++0x";
				CLANG_CXX_LIBRARY = "libc++";
				CLANG_ENABLE_MODULES = YES;
				CLANG_ENABLE_OBJC_ARC = YES;
				CLANG_WARN_BOOL_CONVERSION = YES;
				CLANG_WARN_CONSTANT_CONVERSION = YES;
				CLANG_WARN_DIRECT_OBJC_ISA_USAGE = YES_ERROR;
				CLANG_WARN_EMPTY_BODY = YES;
				CLANG_WARN_ENUM_CONVERSION = YES;
				CLANG_WARN_INT_CONVERSION = YES;
				CLANG_WARN_OBJC_ROOT_CLASS = YES_ERROR;
				CLANG_WARN_UNREACHABLE_CODE = YES;
				CLANG_WARN__DUPLICATE_METHOD_MATCH = YES;
				"CODE_SIGN_IDENTITY[sdk=iphoneos*]" = "iPhone Developer";
				COPY_PHASE_STRIP = NO;
				ENABLE_STRICT_OBJC_MSGSEND = YES;
				GCC_C_LANGUAGE_STANDARD = gnu99;
				GCC_DYNAMIC_NO_PIC = NO;
				GCC_OPTIMIZATION_LEVEL = 0;
				GCC_PREPROCESSOR_DEFINITIONS = (
					"DEBUG=1",
					"$(inherited)",
				);
				GCC_SYMBOLS_PRIVATE_EXTERN = NO;
				GCC_WARN_64_TO_32_BIT_CONVERSION = YES;
				GCC_WARN_ABOUT_RETURN_TYPE = YES_ERROR;
				GCC_WARN_UNDECLARED_SELECTOR = YES;
				GCC_WARN_UNINITIALIZED_AUTOS = YES_AGGRESSIVE;
				GCC_WARN_UNUSED_FUNCTION = YES;
				GCC_WARN_UNUSED_VARIABLE = YES;
				IPHONEOS_DEPLOYMENT_TARGET = 8.1;
				MTL_ENABLE_DEBUG_INFO = YES;
				ONLY_ACTIVE_ARCH = YES;
				SDKROOT = iphoneos;
				SWIFT_OPTIMIZATION_LEVEL = "-Onone";
			};
			name = Debug;
		};
		128FC8451A9A764A0022086A /* Release */ = {
			isa = XCBuildConfiguration;
			buildSettings = {
				ALWAYS_SEARCH_USER_PATHS = NO;
				CLANG_CXX_LANGUAGE_STANDARD = "gnu++0x";
				CLANG_CXX_LIBRARY = "libc++";
				CLANG_ENABLE_MODULES = YES;
				CLANG_ENABLE_OBJC_ARC = YES;
				CLANG_WARN_BOOL_CONVERSION = YES;
				CLANG_WARN_CONSTANT_CONVERSION = YES;
				CLANG_WARN_DIRECT_OBJC_ISA_USAGE = YES_ERROR;
				CLANG_WARN_EMPTY_BODY = YES;
				CLANG_WARN_ENUM_CONVERSION = YES;
				CLANG_WARN_INT_CONVERSION = YES;
				CLANG_WARN_OBJC_ROOT_CLASS = YES_ERROR;
				CLANG_WARN_UNREACHABLE_CODE = YES;
				CLANG_WARN__DUPLICATE_METHOD_MATCH = YES;
				"CODE_SIGN_IDENTITY[sdk=iphoneos*]" = "iPhone Developer";
				COPY_PHASE_STRIP = YES;
				ENABLE_NS_ASSERTIONS = NO;
				ENABLE_STRICT_OBJC_MSGSEND = YES;
				GCC_C_LANGUAGE_STANDARD = gnu99;
				GCC_WARN_64_TO_32_BIT_CONVERSION = YES;
				GCC_WARN_ABOUT_RETURN_TYPE = YES_ERROR;
				GCC_WARN_UNDECLARED_SELECTOR = YES;
				GCC_WARN_UNINITIALIZED_AUTOS = YES_AGGRESSIVE;
				GCC_WARN_UNUSED_FUNCTION = YES;
				GCC_WARN_UNUSED_VARIABLE = YES;
				IPHONEOS_DEPLOYMENT_TARGET = 8.1;
				MTL_ENABLE_DEBUG_INFO = NO;
				SDKROOT = iphoneos;
				VALIDATE_PRODUCT = YES;
			};
			name = Release;
		};
		128FC8471A9A764A0022086A /* Debug */ = {
			isa = XCBuildConfiguration;
			buildSettings = {
				ASSETCATALOG_COMPILER_APPICON_NAME = AppIcon;
				CLANG_CXX_LIBRARY = "compiler-default";
				CLANG_ENABLE_MODULES = YES;
				FRAMEWORK_SEARCH_PATHS = (
					"$(inherited)",
					"$(PROJECT_DIR)/SDD_Bill_It",
				);
				INFOPLIST_FILE = SDD_Bill_It/Info.plist;
				LD_RUNPATH_SEARCH_PATHS = "$(inherited) @executable_path/Frameworks";
				OTHER_LDFLAGS = "-lstdc++";
				PRODUCT_NAME = "$(TARGET_NAME)";
				SWIFT_OBJC_BRIDGING_HEADER = "SDD_Bill_It-Bridging-Header.h";
				SWIFT_OPTIMIZATION_LEVEL = "-Onone";
			};
			name = Debug;
		};
		128FC8481A9A764A0022086A /* Release */ = {
			isa = XCBuildConfiguration;
			buildSettings = {
				ASSETCATALOG_COMPILER_APPICON_NAME = AppIcon;
				CLANG_CXX_LIBRARY = "compiler-default";
				CLANG_ENABLE_MODULES = YES;
				FRAMEWORK_SEARCH_PATHS = (
					"$(inherited)",
					"$(PROJECT_DIR)/SDD_Bill_It",
				);
				INFOPLIST_FILE = SDD_Bill_It/Info.plist;
				LD_RUNPATH_SEARCH_PATHS = "$(inherited) @executable_path/Frameworks";
				OTHER_LDFLAGS = "-lstdc++";
				PRODUCT_NAME = "$(TARGET_NAME)";
				SWIFT_OBJC_BRIDGING_HEADER = "SDD_Bill_It-Bridging-Header.h";
			};
			name = Release;
		};
		128FC84A1A9A764A0022086A /* Debug */ = {
			isa = XCBuildConfiguration;
			buildSettings = {
				BUNDLE_LOADER = "$(TEST_HOST)";
				FRAMEWORK_SEARCH_PATHS = (
					"$(SDKROOT)/Developer/Library/Frameworks",
					"$(inherited)",
				);
				GCC_PREPROCESSOR_DEFINITIONS = (
					"DEBUG=1",
					"$(inherited)",
				);
				INFOPLIST_FILE = SDD_Bill_ItTests/Info.plist;
				LD_RUNPATH_SEARCH_PATHS = "$(inherited) @executable_path/Frameworks @loader_path/Frameworks";
				PRODUCT_NAME = "$(TARGET_NAME)";
				TEST_HOST = "$(BUILT_PRODUCTS_DIR)/SDD_Bill_It.app/SDD_Bill_It";
			};
			name = Debug;
		};
		128FC84B1A9A764A0022086A /* Release */ = {
			isa = XCBuildConfiguration;
			buildSettings = {
				BUNDLE_LOADER = "$(TEST_HOST)";
				FRAMEWORK_SEARCH_PATHS = (
					"$(SDKROOT)/Developer/Library/Frameworks",
					"$(inherited)",
				);
				INFOPLIST_FILE = SDD_Bill_ItTests/Info.plist;
				LD_RUNPATH_SEARCH_PATHS = "$(inherited) @executable_path/Frameworks @loader_path/Frameworks";
				PRODUCT_NAME = "$(TARGET_NAME)";
				TEST_HOST = "$(BUILT_PRODUCTS_DIR)/SDD_Bill_It.app/SDD_Bill_It";
			};
			name = Release;
		};
/* End XCBuildConfiguration section */

/* Begin XCConfigurationList section */
		128FC81E1A9A764A0022086A /* Build configuration list for PBXProject "SDD_Bill_It" */ = {
			isa = XCConfigurationList;
			buildConfigurations = (
				128FC8441A9A764A0022086A /* Debug */,
				128FC8451A9A764A0022086A /* Release */,
			);
			defaultConfigurationIsVisible = 0;
			defaultConfigurationName = Release;
		};
		128FC8461A9A764A0022086A /* Build configuration list for PBXNativeTarget "SDD_Bill_It" */ = {
			isa = XCConfigurationList;
			buildConfigurations = (
				128FC8471A9A764A0022086A /* Debug */,
				128FC8481A9A764A0022086A /* Release */,
			);
			defaultConfigurationIsVisible = 0;
			defaultConfigurationName = Release;
		};
		128FC8491A9A764A0022086A /* Build configuration list for PBXNativeTarget "SDD_Bill_ItTests" */ = {
			isa = XCConfigurationList;
			buildConfigurations = (
				128FC84A1A9A764A0022086A /* Debug */,
				128FC84B1A9A764A0022086A /* Release */,
			);
			defaultConfigurationIsVisible = 0;
			defaultConfigurationName = Release;
		};
/* End XCConfigurationList section */
	};
	rootObject = 128FC81B1A9A764A0022086A /* Project object */;
}
